
Microsoft Visual Studio Solution File, Format Version 12.00
Project("{FAE04EC0-301F-11D3-BF4B-00C04F79EFBC}") = "MessengerServer", "MessengerServer\MessengerServer.csproj", "{1DF8ECBA-6A6E-40EE-A8E4-7AEEEC93BEC0}"
EndProject
Project("{FAE04EC0-301F-11D3-BF4B-00C04F79EFBC}") = "Tester", "Tester\Tester.csproj", "{E95BF808-7FD5-480A-B227-438A088E42B5}"
EndProject
Project("{FAE04EC0-301F-11D3-BF4B-00C04F79EFBC}") = "MessengerCoreLibrary", "MessengerCoreLibrary\MessengerCoreLibrary.csproj", "{6C92529C-DBE7-41EE-B746-85D3BB32D0D8}"
EndProject
Global
	GlobalSection(SolutionConfigurationPlatforms) = preSolution
		Debug|Any CPU = Debug|Any CPU
		Release|Any CPU = Release|Any CPU
	EndGlobalSection
	GlobalSection(ProjectConfigurationPlatforms) = postSolution
		{1DF8ECBA-6A6E-40EE-A8E4-7AEEEC93BEC0}.Debug|Any CPU.ActiveCfg = Debug|Any CPU
		{1DF8ECBA-6A6E-40EE-A8E4-7AEEEC93BEC0}.Debug|Any CPU.Build.0 = Debug|Any CPU
		{1DF8ECBA-6A6E-40EE-A8E4-7AEEEC93BEC0}.Release|Any CPU.ActiveCfg = Release|Any CPU
		{1DF8ECBA-6A6E-40EE-A8E4-7AEEEC93BEC0}.Release|Any CPU.Build.0 = Release|Any CPU
		{E95BF808-7FD5-480A-B227-438A088E42B5}.Debug|Any CPU.ActiveCfg = Debug|Any CPU
		{E95BF808-7FD5-480A-B227-438A088E42B5}.Debug|Any CPU.Build.0 = Debug|Any CPU
		{E95BF808-7FD5-480A-B227-438A088E42B5}.Release|Any CPU.ActiveCfg = Release|Any CPU
		{E95BF808-7FD5-480A-B227-438A088E42B5}.Release|Any CPU.Build.0 = Release|Any CPU
		{6C92529C-DBE7-41EE-B746-85D3BB32D0D8}.Debug|Any CPU.ActiveCfg = Debug|Any CPU
		{6C92529C-DBE7-41EE-B746-85D3BB32D0D8}.Debug|Any CPU.Build.0 = Debug|Any CPU
		{6C92529C-DBE7-41EE-B746-85D3BB32D0D8}.Release|Any CPU.ActiveCfg = Release|Any CPU
		{6C92529C-DBE7-41EE-B746-85D3BB32D0D8}.Release|Any CPU.Build.0 = Release|Any CPU
	EndGlobalSection
EndGlobal
